
Microsoft Visual Studio Solution File, Format Version 12.00
# Visual Studio Version 16
VisualStudioVersion = 16.0.30204.135
MinimumVisualStudioVersion = 10.0.40219.1
Project("{2150E333-8FDC-42A3-9474-1A3956D46DE8}") = "src", "src", "{54E8D4A3-0D5A-48CD-AC48-0252B8C3C13F}"
EndProject
Project("{2150E333-8FDC-42A3-9474-1A3956D46DE8}") = "tests", "tests", "{6458FF2F-BD41-493A-927A-11C1909CFB83}"
EndProject
Project("{2150E333-8FDC-42A3-9474-1A3956D46DE8}") = "Microservices", "Microservices", "{D33D10FF-1BC1-44F9-96EF-F162B1C9EF53}"
EndProject
Project("{2150E333-8FDC-42A3-9474-1A3956D46DE8}") = "Taxas", "Taxas", "{EF5C3DCA-96DF-4E9B-BF62-C4BB4835825F}"
EndProject
Project("{2150E333-8FDC-42A3-9474-1A3956D46DE8}") = "Calculo", "Calculo", "{7BB5695D-612B-414A-8237-7DAD9DD6A9DE}"
EndProject
Project("{2150E333-8FDC-42A3-9474-1A3956D46DE8}") = "SharedKernel", "SharedKernel", "{115E36F8-4777-4F5B-85AF-884FDECB13FA}"
EndProject
Project("{2150E333-8FDC-42A3-9474-1A3956D46DE8}") = "Microservices", "Microservices", "{613FDE1B-888E-4B68-8492-5F11A20579C0}"
EndProject
Project("{2150E333-8FDC-42A3-9474-1A3956D46DE8}") = "Calculo", "Calculo", "{AF22F09E-0128-425A-9C0B-E34F51BBE20C}"
EndProject
Project("{2150E333-8FDC-42A3-9474-1A3956D46DE8}") = "Taxas", "Taxas", "{88BA7250-1841-4EAB-BDF3-B139A6475AAE}"
EndProject
Project("{2150E333-8FDC-42A3-9474-1A3956D46DE8}") = "SharedKernel", "SharedKernel", "{6C7F7EC0-CD6C-42A6-BD93-58BDBFC73D7A}"
EndProject
Project("{9A19103F-16F7-4668-BE54-9A1E7A4F7556}") = "JurosApp.Taxas.Api", "src\JurosApp.Taxas.Api\JurosApp.Taxas.Api.csproj", "{064B7D07-85FF-46AB-9E48-AA93C7C4F4C6}"
EndProject
Project("{9A19103F-16F7-4668-BE54-9A1E7A4F7556}") = "JurosApp.Taxas.Application", "src\JurosApp.Taxas.Application\JurosApp.Taxas.Application.csproj", "{33492879-59C7-488E-B1DB-023FBEC0549D}"
EndProject
Project("{9A19103F-16F7-4668-BE54-9A1E7A4F7556}") = "JurosApp.Calculo.Api", "src\JurosApp.Calculo.Api\JurosApp.Calculo.Api.csproj", "{04AF1D9B-DB61-4884-99DE-3B1E78F91C8A}"
EndProject
Project("{9A19103F-16F7-4668-BE54-9A1E7A4F7556}") = "JurosApp.Calculo.Application", "src\JurosApp.Calculo.Application\JurosApp.Calculo.Application.csproj", "{6A25890E-53DC-4519-B341-96D3CB4492D1}"
EndProject
Project("{9A19103F-16F7-4668-BE54-9A1E7A4F7556}") = "JurosApp.SharedKernel", "src\JurosApp.SharedKernel\JurosApp.SharedKernel.csproj", "{401C6534-E6CC-4B69-B689-8855879410B8}"
EndProject
Project("{9A19103F-16F7-4668-BE54-9A1E7A4F7556}") = "JurosApp.Taxas.Api.Tests", "tests\JurosApp.Taxas.Api.Tests\JurosApp.Taxas.Api.Tests.csproj", "{3210F8CA-4593-4D48-A93D-34B80576D314}"
EndProject
Project("{9A19103F-16F7-4668-BE54-9A1E7A4F7556}") = "JurosApp.Calculo.Api.Tests", "tests\JurosApp.Calculo.Api.Tests\JurosApp.Calculo.Api.Tests.csproj", "{EF7CD3AF-C66F-4E53-AF0E-ABF1D0C6FBFC}"
EndProject
Project("{2150E333-8FDC-42A3-9474-1A3956D46DE8}") = "integration_tests", "integration_tests", "{7F18072C-8B05-497D-833E-C361C253D15C}"
EndProject
Project("{9A19103F-16F7-4668-BE54-9A1E7A4F7556}") = "JurosApp.Calculo.Application.Tests", "tests\JurosApp.Calculo.Application.Tests\JurosApp.Calculo.Application.Tests.csproj", "{2F4869FF-C9B4-48EE-B4BC-2FBD42268E84}"
EndProject
Project("{9A19103F-16F7-4668-BE54-9A1E7A4F7556}") = "JurosApp.Taxas.Application.Tests", "tests\JurosApp.Taxas.Application.Tests\JurosApp.Taxas.Application.Tests.csproj", "{011B5AE7-3B13-4DB9-BD89-E56D826D58D9}"
EndProject
Project("{9A19103F-16F7-4668-BE54-9A1E7A4F7556}") = "JurosApp.SharedKernel.Tests", "tests\JurosApp.SharedKernel.Tests\JurosApp.SharedKernel.Tests.csproj", "{F3868013-BDEA-4C24-B5FA-12BC7F9C421A}"
EndProject
Global
	GlobalSection(SolutionConfigurationPlatforms) = preSolution
		Debug|Any CPU = Debug|Any CPU
		Release|Any CPU = Release|Any CPU
	EndGlobalSection
	GlobalSection(ProjectConfigurationPlatforms) = postSolution
		{064B7D07-85FF-46AB-9E48-AA93C7C4F4C6}.Debug|Any CPU.ActiveCfg = Debug|Any CPU
		{064B7D07-85FF-46AB-9E48-AA93C7C4F4C6}.Debug|Any CPU.Build.0 = Debug|Any CPU
		{064B7D07-85FF-46AB-9E48-AA93C7C4F4C6}.Release|Any CPU.ActiveCfg = Release|Any CPU
		{064B7D07-85FF-46AB-9E48-AA93C7C4F4C6}.Release|Any CPU.Build.0 = Release|Any CPU
		{33492879-59C7-488E-B1DB-023FBEC0549D}.Debug|Any CPU.ActiveCfg = Debug|Any CPU
		{33492879-59C7-488E-B1DB-023FBEC0549D}.Debug|Any CPU.Build.0 = Debug|Any CPU
		{33492879-59C7-488E-B1DB-023FBEC0549D}.Release|Any CPU.ActiveCfg = Release|Any CPU
		{33492879-59C7-488E-B1DB-023FBEC0549D}.Release|Any CPU.Build.0 = Release|Any CPU
		{04AF1D9B-DB61-4884-99DE-3B1E78F91C8A}.Debug|Any CPU.ActiveCfg = Debug|Any CPU
		{04AF1D9B-DB61-4884-99DE-3B1E78F91C8A}.Debug|Any CPU.Build.0 = Debug|Any CPU
		{04AF1D9B-DB61-4884-99DE-3B1E78F91C8A}.Release|Any CPU.ActiveCfg = Release|Any CPU
		{04AF1D9B-DB61-4884-99DE-3B1E78F91C8A}.Release|Any CPU.Build.0 = Release|Any CPU
		{6A25890E-53DC-4519-B341-96D3CB4492D1}.Debug|Any CPU.ActiveCfg = Debug|Any CPU
		{6A25890E-53DC-4519-B341-96D3CB4492D1}.Debug|Any CPU.Build.0 = Debug|Any CPU
		{6A25890E-53DC-4519-B341-96D3CB4492D1}.Release|Any CPU.ActiveCfg = Release|Any CPU
		{6A25890E-53DC-4519-B341-96D3CB4492D1}.Release|Any CPU.Build.0 = Release|Any CPU
		{401C6534-E6CC-4B69-B689-8855879410B8}.Debug|Any CPU.ActiveCfg = Debug|Any CPU
		{401C6534-E6CC-4B69-B689-8855879410B8}.Debug|Any CPU.Build.0 = Debug|Any CPU
		{401C6534-E6CC-4B69-B689-8855879410B8}.Release|Any CPU.ActiveCfg = Release|Any CPU
		{401C6534-E6CC-4B69-B689-8855879410B8}.Release|Any CPU.Build.0 = Release|Any CPU
		{3210F8CA-4593-4D48-A93D-34B80576D314}.Debug|Any CPU.ActiveCfg = Debug|Any CPU
		{3210F8CA-4593-4D48-A93D-34B80576D314}.Debug|Any CPU.Build.0 = Debug|Any CPU
		{3210F8CA-4593-4D48-A93D-34B80576D314}.Release|Any CPU.ActiveCfg = Release|Any CPU
		{3210F8CA-4593-4D48-A93D-34B80576D314}.Release|Any CPU.Build.0 = Release|Any CPU
		{EF7CD3AF-C66F-4E53-AF0E-ABF1D0C6FBFC}.Debug|Any CPU.ActiveCfg = Debug|Any CPU
		{EF7CD3AF-C66F-4E53-AF0E-ABF1D0C6FBFC}.Debug|Any CPU.Build.0 = Debug|Any CPU
		{EF7CD3AF-C66F-4E53-AF0E-ABF1D0C6FBFC}.Release|Any CPU.ActiveCfg = Release|Any CPU
		{EF7CD3AF-C66F-4E53-AF0E-ABF1D0C6FBFC}.Release|Any CPU.Build.0 = Release|Any CPU
		{2F4869FF-C9B4-48EE-B4BC-2FBD42268E84}.Debug|Any CPU.ActiveCfg = Debug|Any CPU
		{2F4869FF-C9B4-48EE-B4BC-2FBD42268E84}.Debug|Any CPU.Build.0 = Debug|Any CPU
		{2F4869FF-C9B4-48EE-B4BC-2FBD42268E84}.Release|Any CPU.ActiveCfg = Release|Any CPU
		{2F4869FF-C9B4-48EE-B4BC-2FBD42268E84}.Release|Any CPU.Build.0 = Release|Any CPU
		{011B5AE7-3B13-4DB9-BD89-E56D826D58D9}.Debug|Any CPU.ActiveCfg = Debug|Any CPU
		{011B5AE7-3B13-4DB9-BD89-E56D826D58D9}.Debug|Any CPU.Build.0 = Debug|Any CPU
		{011B5AE7-3B13-4DB9-BD89-E56D826D58D9}.Release|Any CPU.ActiveCfg = Release|Any CPU
		{011B5AE7-3B13-4DB9-BD89-E56D826D58D9}.Release|Any CPU.Build.0 = Release|Any CPU
		{F3868013-BDEA-4C24-B5FA-12BC7F9C421A}.Debug|Any CPU.ActiveCfg = Debug|Any CPU
		{F3868013-BDEA-4C24-B5FA-12BC7F9C421A}.Debug|Any CPU.Build.0 = Debug|Any CPU
		{F3868013-BDEA-4C24-B5FA-12BC7F9C421A}.Release|Any CPU.ActiveCfg = Release|Any CPU
		{F3868013-BDEA-4C24-B5FA-12BC7F9C421A}.Release|Any CPU.Build.0 = Release|Any CPU
	EndGlobalSection
	GlobalSection(SolutionProperties) = preSolution
		HideSolutionNode = FALSE
	EndGlobalSection
	GlobalSection(NestedProjects) = preSolution
		{D33D10FF-1BC1-44F9-96EF-F162B1C9EF53} = {54E8D4A3-0D5A-48CD-AC48-0252B8C3C13F}
		{EF5C3DCA-96DF-4E9B-BF62-C4BB4835825F} = {D33D10FF-1BC1-44F9-96EF-F162B1C9EF53}
		{7BB5695D-612B-414A-8237-7DAD9DD6A9DE} = {D33D10FF-1BC1-44F9-96EF-F162B1C9EF53}
		{115E36F8-4777-4F5B-85AF-884FDECB13FA} = {54E8D4A3-0D5A-48CD-AC48-0252B8C3C13F}
		{613FDE1B-888E-4B68-8492-5F11A20579C0} = {6458FF2F-BD41-493A-927A-11C1909CFB83}
		{AF22F09E-0128-425A-9C0B-E34F51BBE20C} = {613FDE1B-888E-4B68-8492-5F11A20579C0}
		{88BA7250-1841-4EAB-BDF3-B139A6475AAE} = {613FDE1B-888E-4B68-8492-5F11A20579C0}
		{6C7F7EC0-CD6C-42A6-BD93-58BDBFC73D7A} = {6458FF2F-BD41-493A-927A-11C1909CFB83}
		{064B7D07-85FF-46AB-9E48-AA93C7C4F4C6} = {EF5C3DCA-96DF-4E9B-BF62-C4BB4835825F}
		{33492879-59C7-488E-B1DB-023FBEC0549D} = {EF5C3DCA-96DF-4E9B-BF62-C4BB4835825F}
		{04AF1D9B-DB61-4884-99DE-3B1E78F91C8A} = {7BB5695D-612B-414A-8237-7DAD9DD6A9DE}
		{6A25890E-53DC-4519-B341-96D3CB4492D1} = {7BB5695D-612B-414A-8237-7DAD9DD6A9DE}
		{401C6534-E6CC-4B69-B689-8855879410B8} = {115E36F8-4777-4F5B-85AF-884FDECB13FA}
		{3210F8CA-4593-4D48-A93D-34B80576D314} = {88BA7250-1841-4EAB-BDF3-B139A6475AAE}
		{EF7CD3AF-C66F-4E53-AF0E-ABF1D0C6FBFC} = {AF22F09E-0128-425A-9C0B-E34F51BBE20C}
		{2F4869FF-C9B4-48EE-B4BC-2FBD42268E84} = {AF22F09E-0128-425A-9C0B-E34F51BBE20C}
		{011B5AE7-3B13-4DB9-BD89-E56D826D58D9} = {88BA7250-1841-4EAB-BDF3-B139A6475AAE}
		{F3868013-BDEA-4C24-B5FA-12BC7F9C421A} = {6C7F7EC0-CD6C-42A6-BD93-58BDBFC73D7A}
	EndGlobalSection
	GlobalSection(ExtensibilityGlobals) = postSolution
		SolutionGuid = {E4ECF0B7-0DA3-45E6-958F-061B990E8CBC}
	EndGlobalSection
EndGlobal
